{
  "name": "plainforge",
  "version": "0.1.0",
  "lockfileVersion": 3,
  "requires": true,
  "packages": {
    "": {
      "name": "plainforge",
      "version": "0.1.0",
      "license": "MIT",
      "bin": {
        "plainforge": "bin/plainforge.js"
      },
      "engines": {
        "node": ">=20"
      }
    }
  }
}
